
Microsoft Visual Studio Solution File, Format Version 12.00
# Visual Studio Version 16
VisualStudioVersion = 16.0.30804.86
MinimumVisualStudioVersion = 10.0.40219.1
Project("{8BC9CEB8-8B4A-11D0-8D11-00A0C91BC942}") = "password", "password\password.vcxproj", "{1C61673F-C5A5-4A17-84A8-0F85F47A2B11}"
EndProject
Global
	GlobalSection(SolutionConfigurationPlatforms) = preSolution
		Debug|x64 = Debug|x64
		Debug|x86 = Debug|x86
		Release|x64 = Release|x64
		Release|x86 = Release|x86
	EndGlobalSection
	GlobalSection(ProjectConfigurationPlatforms) = postSolution
		{1C61673F-C5A5-4A17-84A8-0F85F47A2B11}.Debug|x64.ActiveCfg = Debug|x64
		{1C61673F-C5A5-4A17-84A8-0F85F47A2B11}.Debug|x64.Build.0 = Debug|x64
		{1C61673F-C5A5-4A17-84A8-0F85F47A2B11}.Debug|x86.ActiveCfg = Debug|Win32
		{1C61673F-C5A5-4A17-84A8-0F85F47A2B11}.Debug|x86.Build.0 = Debug|Win32
		{1C61673F-C5A5-4A17-84A8-0F85F47A2B11}.Release|x64.ActiveCfg = Release|x64
		{1C61673F-C5A5-4A17-84A8-0F85F47A2B11}.Release|x64.Build.0 = Release|x64
		{1C61673F-C5A5-4A17-84A8-0F85F47A2B11}.Release|x86.ActiveCfg = Release|Win32
		{1C61673F-C5A5-4A17-84A8-0F85F47A2B11}.Release|x86.Build.0 = Release|Win32
	EndGlobalSection
	GlobalSection(SolutionProperties) = preSolution
		HideSolutionNode = FALSE
	EndGlobalSection
	GlobalSection(ExtensibilityGlobals) = postSolution
		SolutionGuid = {F7362206-ED9C-46F7-8BFE-E5F635F5751E}
	EndGlobalSection
EndGlobal
